
Microsoft Visual Studio Solution File, Format Version 12.00
Project("{FAE04EC0-301F-11D3-BF4B-00C04F79EFBC}") = "PedidoApi", "PedidoApi\PedidoApi.csproj", "{9B59B1E5-6623-4736-89EF-DF5C8ED5F664}"
EndProject
Global
	GlobalSection(SolutionConfigurationPlatforms) = preSolution
		Debug|Any CPU = Debug|Any CPU
		Release|Any CPU = Release|Any CPU
	EndGlobalSection
	GlobalSection(ProjectConfigurationPlatforms) = postSolution
		{9B59B1E5-6623-4736-89EF-DF5C8ED5F664}.Debug|Any CPU.ActiveCfg = Debug|Any CPU
		{9B59B1E5-6623-4736-89EF-DF5C8ED5F664}.Debug|Any CPU.Build.0 = Debug|Any CPU
		{9B59B1E5-6623-4736-89EF-DF5C8ED5F664}.Release|Any CPU.ActiveCfg = Release|Any CPU
		{9B59B1E5-6623-4736-89EF-DF5C8ED5F664}.Release|Any CPU.Build.0 = Release|Any CPU
	EndGlobalSection
EndGlobal
